{
  "version": 4,
  "terraform_version": "1.8.2",
  "serial": 18,
  "lineage": "a5745297-6a2a-f173-61cd-e0fbc10bb92a",
  "outputs": {},
  "resources": [
    {
      "mode": "data",
      "type": "aws_caller_identity",
      "name": "current",
      "provider": "provider[\"registry.terraform.io/hashicorp/aws\"]",
      "instances": [
        {
          "schema_version": 0,
          "attributes": {
            "account_id": "022608205880",
            "arn": "arn:aws:iam::022608205880:user/tf-test-ashvini",
            "id": "022608205880",
            "user_id": "AIDAQKQ4N3A4BUYY43ZYU"
          },
          "sensitive_attributes": []
        }
      ]
    },
    {
      "mode": "data",
      "type": "aws_region",
      "name": "current",
      "provider": "provider[\"registry.terraform.io/hashicorp/aws\"]",
      "instances": [
        {
          "schema_version": 0,
          "attributes": {
            "description": "US East (N. Virginia)",
            "endpoint": "ec2.us-east-1.amazonaws.com",
            "id": "us-east-1",
            "name": "us-east-1"
          },
          "sensitive_attributes": []
        }
      ]
    },
    {
      "mode": "managed",
      "type": "aws_cloudwatch_log_group",
      "name": "example_lambda_log_group",
      "provider": "provider[\"registry.terraform.io/hashicorp/aws\"]",
      "instances": [
        {
          "schema_version": 0,
          "attributes": {
            "arn": "arn:aws:logs:us-east-1:022608205880:log-group:/aws/lambda/example_lambda_name",
            "id": "/aws/lambda/example_lambda_name",
            "kms_key_id": "",
            "log_group_class": "STANDARD",
            "name": "/aws/lambda/example_lambda_name",
            "name_prefix": "",
            "retention_in_days": 7,
            "skip_destroy": false,
            "tags": null,
            "tags_all": {}
          },
          "sensitive_attributes": [],
          "private": "bnVsbA=="
        }
      ]
    },
    {
      "mode": "managed",
      "type": "aws_cloudwatch_log_subscription_filter",
      "name": "test_lambdafunction_logfilter",
      "provider": "provider[\"registry.terraform.io/hashicorp/aws\"]",
      "instances": [
        {
          "schema_version": 0,
          "attributes": {
            "destination_arn": "arn:aws:kinesis:us-east-1:022608205880:stream/test_logstream",
            "distribution": "Random",
            "filter_pattern": "logtype test",
            "id": "cwlsf-707280515",
            "log_group_name": "/aws/lambda/example_lambda_name",
            "name": "test_lambdafunction_logfilter",
            "role_arn": "arn:aws:iam::022608205880:role/iam_for_lambda_test"
          },
          "sensitive_attributes": [],
          "private": "bnVsbA==",
          "dependencies": [
            "aws_cloudwatch_log_group.example_lambda_log_group",
            "aws_iam_role.iam_for_lambda",
            "aws_kinesis_stream.test_logstream"
          ]
        }
      ]
    },
    {
      "mode": "managed",
      "type": "aws_iam_role",
      "name": "iam_for_lambda",
      "provider": "provider[\"registry.terraform.io/hashicorp/aws\"]",
      "instances": [
        {
          "schema_version": 0,
          "attributes": {
            "arn": "arn:aws:iam::022608205880:role/iam_for_lambda_test",
            "assume_role_policy": "{\"Statement\":[{\"Action\":\"sts:AssumeRole\",\"Effect\":\"Allow\",\"Principal\":{\"Service\":\"logs.amazonaws.com\"}}],\"Version\":\"2012-10-17\"}",
            "create_date": "2024-06-03T14:10:03Z",
            "description": "",
            "force_detach_policies": false,
            "id": "iam_for_lambda_test",
            "inline_policy": [
              {
                "name": "cloudwatch_kinesis_policy",
                "policy": "{\"Version\":\"2012-10-17\",\"Statement\":[{\"Action\":[\"kinesis:PutRecord\",\"kinesis:PutRecords\",\"kinesis:DescribeStream\",\"kinesis:GetShardIterator\",\"kinesis:GetRecords\"],\"Effect\":\"Allow\",\"Resource\":\"arn:aws:kinesis:us-east-1:022608205880:stream/test_logstream\"}]}"
              }
            ],
            "managed_policy_arns": [],
            "max_session_duration": 3600,
            "name": "iam_for_lambda_test",
            "name_prefix": "",
            "path": "/",
            "permissions_boundary": "",
            "tags": {},
            "tags_all": {},
            "unique_id": "AROAQKQ4N3A4I3Z2TY4DI"
          },
          "sensitive_attributes": [],
          "private": "bnVsbA=="
        }
      ]
    },
    {
      "mode": "managed",
      "type": "aws_iam_role_policy",
      "name": "cloudwatch_kinesis_policy",
      "provider": "provider[\"registry.terraform.io/hashicorp/aws\"]",
      "instances": [
        {
          "schema_version": 0,
          "attributes": {
            "id": "iam_for_lambda_test:cloudwatch_kinesis_policy",
            "name": "cloudwatch_kinesis_policy",
            "name_prefix": "",
            "policy": "{\"Version\":\"2012-10-17\",\"Statement\":[{\"Action\":[\"kinesis:PutRecord\",\"kinesis:PutRecords\",\"kinesis:DescribeStream\",\"kinesis:GetShardIterator\",\"kinesis:GetRecords\"],\"Effect\":\"Allow\",\"Resource\":\"arn:aws:kinesis:us-east-1:022608205880:stream/test_logstream\"}]}",
            "role": "iam_for_lambda_test"
          },
          "sensitive_attributes": [],
          "private": "bnVsbA==",
          "dependencies": [
            "aws_iam_role.iam_for_lambda",
            "aws_kinesis_stream.test_logstream"
          ]
        }
      ]
    },
    {
      "mode": "managed",
      "type": "aws_kinesis_stream",
      "name": "test_logstream",
      "provider": "provider[\"registry.terraform.io/hashicorp/aws\"]",
      "instances": [
        {
          "schema_version": 1,
          "attributes": {
            "arn": "arn:aws:kinesis:us-east-1:022608205880:stream/test_logstream",
            "encryption_type": "NONE",
            "enforce_consumer_deletion": false,
            "id": "arn:aws:kinesis:us-east-1:022608205880:stream/test_logstream",
            "kms_key_id": "",
            "name": "test_logstream",
            "retention_period": 24,
            "shard_count": 1,
            "shard_level_metrics": [],
            "stream_mode_details": [
              {
                "stream_mode": "PROVISIONED"
              }
            ],
            "tags": {},
            "tags_all": {},
            "timeouts": null
          },
          "sensitive_attributes": [],
          "private": "eyJlMmJmYjczMC1lY2FhLTExZTYtOGY4OC0zNDM2M2JjN2M0YzAiOnsiY3JlYXRlIjozMDAwMDAwMDAwMDAsImRlbGV0ZSI6NzIwMDAwMDAwMDAwMCwidXBkYXRlIjo3MjAwMDAwMDAwMDAwfSwic2NoZW1hX3ZlcnNpb24iOiIxIn0="
        }
      ]
    }
  ],
  "check_results": null
}
